{
  "name": "messagebusmono",
  "version": "1.0.16",
  "lockfileVersion": 2,
  "requires": true,
  "packages": {
    "": {
      "name": "messagebusmono",
      "version": "1.0.16",
      "license": "ISC",
      "dependencies": {
        "messagebusmono": "^1.0.15"
      }
    },
    "node_modules/messagebusmono": {
      "version": "1.0.15",
      "resolved": "https://registry.npmjs.org/messagebusmono/-/messagebusmono-1.0.15.tgz",
      "integrity": "sha512-8WEpp8zNw5BDpuiHyGLZUUpl4dkC1BNVHbwE9kBIM88I9rIkxqkt8jNdK419n5RX+uq4mOOJZtFgWwIWChGCBw=="
    }
  },
  "dependencies": {
    "messagebusmono": {
      "version": "1.0.15",
      "resolved": "https://registry.npmjs.org/messagebusmono/-/messagebusmono-1.0.15.tgz",
      "integrity": "sha512-8WEpp8zNw5BDpuiHyGLZUUpl4dkC1BNVHbwE9kBIM88I9rIkxqkt8jNdK419n5RX+uq4mOOJZtFgWwIWChGCBw=="
    }
  }
}
